
Microsoft Visual Studio Solution File, Format Version 12.00
# Visual Studio 15
VisualStudioVersion = 15.0.26730.16
MinimumVisualStudioVersion = 10.0.40219.1
Project("{FAE04EC0-301F-11D3-BF4B-00C04F79EFBC}") = "DFe.App", "DFe.App.csproj", "{844145E9-EB03-44A4-BA70-4A96558ECE5C}"
EndProject
Global
	GlobalSection(SolutionConfigurationPlatforms) = preSolution
		Debug|Any CPU = Debug|Any CPU
		Release|Any CPU = Release|Any CPU
	EndGlobalSection
	GlobalSection(ProjectConfigurationPlatforms) = postSolution
		{844145E9-EB03-44A4-BA70-4A96558ECE5C}.Debug|Any CPU.ActiveCfg = Debug|Any CPU
		{844145E9-EB03-44A4-BA70-4A96558ECE5C}.Debug|Any CPU.Build.0 = Debug|Any CPU
		{844145E9-EB03-44A4-BA70-4A96558ECE5C}.Release|Any CPU.ActiveCfg = Release|Any CPU
		{844145E9-EB03-44A4-BA70-4A96558ECE5C}.Release|Any CPU.Build.0 = Release|Any CPU
	EndGlobalSection
	GlobalSection(SolutionProperties) = preSolution
		HideSolutionNode = FALSE
	EndGlobalSection
	GlobalSection(ExtensibilityGlobals) = postSolution
		SolutionGuid = {32F8EA62-C714-4FDE-BCF6-AAF1D406DB1C}
	EndGlobalSection
EndGlobal
